
Microsoft Visual Studio Solution File, Format Version 12.00
# Visual Studio 14
VisualStudioVersion = 14.0.23107.0
MinimumVisualStudioVersion = 10.0.40219.1
Project("{FAE04EC0-301F-11D3-BF4B-00C04F79EFBC}") = "SettingsManager", "SettingsManager\SettingsManager.csproj", "{182538BA-FBBC-4411-B6A7-A9DDBB0B7998}"
EndProject
Project("{FAE04EC0-301F-11D3-BF4B-00C04F79EFBC}") = "PluginDeploy", "PluginDeploy\PluginDeploy.csproj", "{5FD1D890-8A31-4F6D-8388-6BA0C8263F03}"
EndProject
Project("{FAE04EC0-301F-11D3-BF4B-00C04F79EFBC}") = "ProjVerify", "ProjVerify\ProjVerify.csproj", "{4F7821E0-A328-47C1-839C-0BFB7D77A643}"
	ProjectSection(ProjectDependencies) = postProject
		{182538BA-FBBC-4411-B6A7-A9DDBB0B7998} = {182538BA-FBBC-4411-B6A7-A9DDBB0B7998}
	EndProjectSection
EndProject
Project("{FAE04EC0-301F-11D3-BF4B-00C04F79EFBC}") = "SQL_Object_Generator", "SQL_Object_Generator\SQL_Object_Generator.csproj", "{DF1B12C4-0F8F-4E8E-9CDB-1BE2C9522170}"
EndProject
Project("{FAE04EC0-301F-11D3-BF4B-00C04F79EFBC}") = "Releaser", "Releaser\Releaser.csproj", "{47D168B8-B68B-433F-A95A-DDC5264D7CEC}"
EndProject
Global
	GlobalSection(SolutionConfigurationPlatforms) = preSolution
		Debug|Any CPU = Debug|Any CPU
		Release|Any CPU = Release|Any CPU
	EndGlobalSection
	GlobalSection(ProjectConfigurationPlatforms) = postSolution
		{182538BA-FBBC-4411-B6A7-A9DDBB0B7998}.Debug|Any CPU.ActiveCfg = Debug|Any CPU
		{182538BA-FBBC-4411-B6A7-A9DDBB0B7998}.Debug|Any CPU.Build.0 = Debug|Any CPU
		{182538BA-FBBC-4411-B6A7-A9DDBB0B7998}.Release|Any CPU.ActiveCfg = Release|Any CPU
		{182538BA-FBBC-4411-B6A7-A9DDBB0B7998}.Release|Any CPU.Build.0 = Release|Any CPU
		{5FD1D890-8A31-4F6D-8388-6BA0C8263F03}.Debug|Any CPU.ActiveCfg = Debug|Any CPU
		{5FD1D890-8A31-4F6D-8388-6BA0C8263F03}.Debug|Any CPU.Build.0 = Debug|Any CPU
		{5FD1D890-8A31-4F6D-8388-6BA0C8263F03}.Release|Any CPU.ActiveCfg = Release|Any CPU
		{5FD1D890-8A31-4F6D-8388-6BA0C8263F03}.Release|Any CPU.Build.0 = Release|Any CPU
		{4F7821E0-A328-47C1-839C-0BFB7D77A643}.Debug|Any CPU.ActiveCfg = Debug|Any CPU
		{4F7821E0-A328-47C1-839C-0BFB7D77A643}.Debug|Any CPU.Build.0 = Debug|Any CPU
		{4F7821E0-A328-47C1-839C-0BFB7D77A643}.Release|Any CPU.ActiveCfg = Release|Any CPU
		{4F7821E0-A328-47C1-839C-0BFB7D77A643}.Release|Any CPU.Build.0 = Release|Any CPU
		{DF1B12C4-0F8F-4E8E-9CDB-1BE2C9522170}.Debug|Any CPU.ActiveCfg = Debug|Any CPU
		{DF1B12C4-0F8F-4E8E-9CDB-1BE2C9522170}.Debug|Any CPU.Build.0 = Debug|Any CPU
		{DF1B12C4-0F8F-4E8E-9CDB-1BE2C9522170}.Release|Any CPU.ActiveCfg = Release|Any CPU
		{DF1B12C4-0F8F-4E8E-9CDB-1BE2C9522170}.Release|Any CPU.Build.0 = Release|Any CPU
		{47D168B8-B68B-433F-A95A-DDC5264D7CEC}.Debug|Any CPU.ActiveCfg = Debug|Any CPU
		{47D168B8-B68B-433F-A95A-DDC5264D7CEC}.Debug|Any CPU.Build.0 = Debug|Any CPU
		{47D168B8-B68B-433F-A95A-DDC5264D7CEC}.Release|Any CPU.ActiveCfg = Release|Any CPU
		{47D168B8-B68B-433F-A95A-DDC5264D7CEC}.Release|Any CPU.Build.0 = Release|Any CPU
	EndGlobalSection
	GlobalSection(SolutionProperties) = preSolution
		HideSolutionNode = FALSE
	EndGlobalSection
EndGlobal
